
Microsoft Visual Studio Solution File, Format Version 12.00
# Visual Studio 15
VisualStudioVersion = 15.0.28307.1022
MinimumVisualStudioVersion = 10.0.40219.1
Project("{FAE04EC0-301F-11D3-BF4B-00C04F79EFBC}") = "Seguro_API", "Seguro_API\Seguro_API.csproj", "{E5CBBACA-0142-4A57-B4AF-CC387C17E02A}"
EndProject
Project("{FAE04EC0-301F-11D3-BF4B-00C04F79EFBC}") = "Seguro_APITest", "Seguro_APITest\Seguro_APITest.csproj", "{7C84EE69-ED51-42E5-BCC8-C0F5B325776B}"
EndProject
Global
	GlobalSection(SolutionConfigurationPlatforms) = preSolution
		Debug|Any CPU = Debug|Any CPU
		Release|Any CPU = Release|Any CPU
	EndGlobalSection
	GlobalSection(ProjectConfigurationPlatforms) = postSolution
		{E5CBBACA-0142-4A57-B4AF-CC387C17E02A}.Debug|Any CPU.ActiveCfg = Debug|Any CPU
		{E5CBBACA-0142-4A57-B4AF-CC387C17E02A}.Debug|Any CPU.Build.0 = Debug|Any CPU
		{E5CBBACA-0142-4A57-B4AF-CC387C17E02A}.Release|Any CPU.ActiveCfg = Release|Any CPU
		{E5CBBACA-0142-4A57-B4AF-CC387C17E02A}.Release|Any CPU.Build.0 = Release|Any CPU
		{7C84EE69-ED51-42E5-BCC8-C0F5B325776B}.Debug|Any CPU.ActiveCfg = Debug|Any CPU
		{7C84EE69-ED51-42E5-BCC8-C0F5B325776B}.Debug|Any CPU.Build.0 = Debug|Any CPU
		{7C84EE69-ED51-42E5-BCC8-C0F5B325776B}.Release|Any CPU.ActiveCfg = Release|Any CPU
		{7C84EE69-ED51-42E5-BCC8-C0F5B325776B}.Release|Any CPU.Build.0 = Release|Any CPU
	EndGlobalSection
	GlobalSection(SolutionProperties) = preSolution
		HideSolutionNode = FALSE
	EndGlobalSection
	GlobalSection(ExtensibilityGlobals) = postSolution
		SolutionGuid = {D6174F6B-2B0F-49CF-9F42-05A475F6F1D2}
	EndGlobalSection
EndGlobal
